
Microsoft Visual Studio Solution File, Format Version 11.00
# Visual C# Express 2010
Project("{FAE04EC0-301F-11D3-BF4B-00C04F79EFBC}") = "nmap-tools", "nmap-tools\nmap-tools.csproj", "{C1284621-9BE4-40E2-9A74-D9708BBA733A}"
EndProject
Project("{FAE04EC0-301F-11D3-BF4B-00C04F79EFBC}") = "nmap2csv", "nmap2csv\nmap2csv.csproj", "{ED1A07E1-922F-42E4-A88B-2B96BFFD5F64}"
EndProject
Project("{FAE04EC0-301F-11D3-BF4B-00C04F79EFBC}") = "nmapinv", "nmapinv\nmapinv.csproj", "{676EAC92-F492-46AF-A9AC-E4D3C77C81E1}"
EndProject
Project("{FAE04EC0-301F-11D3-BF4B-00C04F79EFBC}") = "Nmap Scan Visualizer", "Nmap Scan Visualizer\Nmap Scan Visualizer.csproj", "{92AAE943-9024-4528-8FE4-59C69B9A5174}"
EndProject
Project("{FAE04EC0-301F-11D3-BF4B-00C04F79EFBC}") = "Network Mapper", "Network Mapper\Network Mapper.csproj", "{706A5E26-BCA1-406B-ABC3-38BEFE2E6181}"
EndProject
Global
	GlobalSection(SolutionConfigurationPlatforms) = preSolution
		Debug|Any CPU = Debug|Any CPU
		Debug|Mixed Platforms = Debug|Mixed Platforms
		Debug|x86 = Debug|x86
		Release|Any CPU = Release|Any CPU
		Release|Mixed Platforms = Release|Mixed Platforms
		Release|x86 = Release|x86
	EndGlobalSection
	GlobalSection(ProjectConfigurationPlatforms) = postSolution
		{C1284621-9BE4-40E2-9A74-D9708BBA733A}.Debug|Any CPU.ActiveCfg = Debug|Any CPU
		{C1284621-9BE4-40E2-9A74-D9708BBA733A}.Debug|Any CPU.Build.0 = Debug|Any CPU
		{C1284621-9BE4-40E2-9A74-D9708BBA733A}.Debug|Mixed Platforms.ActiveCfg = Debug|Any CPU
		{C1284621-9BE4-40E2-9A74-D9708BBA733A}.Debug|Mixed Platforms.Build.0 = Debug|Any CPU
		{C1284621-9BE4-40E2-9A74-D9708BBA733A}.Debug|x86.ActiveCfg = Debug|Any CPU
		{C1284621-9BE4-40E2-9A74-D9708BBA733A}.Release|Any CPU.ActiveCfg = Release|Any CPU
		{C1284621-9BE4-40E2-9A74-D9708BBA733A}.Release|Any CPU.Build.0 = Release|Any CPU
		{C1284621-9BE4-40E2-9A74-D9708BBA733A}.Release|Mixed Platforms.ActiveCfg = Release|Any CPU
		{C1284621-9BE4-40E2-9A74-D9708BBA733A}.Release|Mixed Platforms.Build.0 = Release|Any CPU
		{C1284621-9BE4-40E2-9A74-D9708BBA733A}.Release|x86.ActiveCfg = Release|Any CPU
		{ED1A07E1-922F-42E4-A88B-2B96BFFD5F64}.Debug|Any CPU.ActiveCfg = Debug|x86
		{ED1A07E1-922F-42E4-A88B-2B96BFFD5F64}.Debug|Mixed Platforms.ActiveCfg = Debug|x86
		{ED1A07E1-922F-42E4-A88B-2B96BFFD5F64}.Debug|Mixed Platforms.Build.0 = Debug|x86
		{ED1A07E1-922F-42E4-A88B-2B96BFFD5F64}.Debug|x86.ActiveCfg = Debug|x86
		{ED1A07E1-922F-42E4-A88B-2B96BFFD5F64}.Debug|x86.Build.0 = Debug|x86
		{ED1A07E1-922F-42E4-A88B-2B96BFFD5F64}.Release|Any CPU.ActiveCfg = Release|x86
		{ED1A07E1-922F-42E4-A88B-2B96BFFD5F64}.Release|Mixed Platforms.ActiveCfg = Release|x86
		{ED1A07E1-922F-42E4-A88B-2B96BFFD5F64}.Release|Mixed Platforms.Build.0 = Release|x86
		{ED1A07E1-922F-42E4-A88B-2B96BFFD5F64}.Release|x86.ActiveCfg = Release|x86
		{ED1A07E1-922F-42E4-A88B-2B96BFFD5F64}.Release|x86.Build.0 = Release|x86
		{676EAC92-F492-46AF-A9AC-E4D3C77C81E1}.Debug|Any CPU.ActiveCfg = Debug|x86
		{676EAC92-F492-46AF-A9AC-E4D3C77C81E1}.Debug|Mixed Platforms.ActiveCfg = Debug|x86
		{676EAC92-F492-46AF-A9AC-E4D3C77C81E1}.Debug|Mixed Platforms.Build.0 = Debug|x86
		{676EAC92-F492-46AF-A9AC-E4D3C77C81E1}.Debug|x86.ActiveCfg = Debug|x86
		{676EAC92-F492-46AF-A9AC-E4D3C77C81E1}.Debug|x86.Build.0 = Debug|x86
		{676EAC92-F492-46AF-A9AC-E4D3C77C81E1}.Release|Any CPU.ActiveCfg = Release|x86
		{676EAC92-F492-46AF-A9AC-E4D3C77C81E1}.Release|Mixed Platforms.ActiveCfg = Release|x86
		{676EAC92-F492-46AF-A9AC-E4D3C77C81E1}.Release|Mixed Platforms.Build.0 = Release|x86
		{676EAC92-F492-46AF-A9AC-E4D3C77C81E1}.Release|x86.ActiveCfg = Release|x86
		{676EAC92-F492-46AF-A9AC-E4D3C77C81E1}.Release|x86.Build.0 = Release|x86
		{92AAE943-9024-4528-8FE4-59C69B9A5174}.Debug|Any CPU.ActiveCfg = Debug|x86
		{92AAE943-9024-4528-8FE4-59C69B9A5174}.Debug|Mixed Platforms.ActiveCfg = Debug|x86
		{92AAE943-9024-4528-8FE4-59C69B9A5174}.Debug|Mixed Platforms.Build.0 = Debug|x86
		{92AAE943-9024-4528-8FE4-59C69B9A5174}.Debug|x86.ActiveCfg = Debug|x86
		{92AAE943-9024-4528-8FE4-59C69B9A5174}.Debug|x86.Build.0 = Debug|x86
		{92AAE943-9024-4528-8FE4-59C69B9A5174}.Release|Any CPU.ActiveCfg = Release|x86
		{92AAE943-9024-4528-8FE4-59C69B9A5174}.Release|Mixed Platforms.ActiveCfg = Release|x86
		{92AAE943-9024-4528-8FE4-59C69B9A5174}.Release|Mixed Platforms.Build.0 = Release|x86
		{92AAE943-9024-4528-8FE4-59C69B9A5174}.Release|x86.ActiveCfg = Release|x86
		{92AAE943-9024-4528-8FE4-59C69B9A5174}.Release|x86.Build.0 = Release|x86
		{706A5E26-BCA1-406B-ABC3-38BEFE2E6181}.Debug|Any CPU.ActiveCfg = Debug|x86
		{706A5E26-BCA1-406B-ABC3-38BEFE2E6181}.Debug|Mixed Platforms.ActiveCfg = Debug|x86
		{706A5E26-BCA1-406B-ABC3-38BEFE2E6181}.Debug|Mixed Platforms.Build.0 = Debug|x86
		{706A5E26-BCA1-406B-ABC3-38BEFE2E6181}.Debug|x86.ActiveCfg = Debug|x86
		{706A5E26-BCA1-406B-ABC3-38BEFE2E6181}.Debug|x86.Build.0 = Debug|x86
		{706A5E26-BCA1-406B-ABC3-38BEFE2E6181}.Release|Any CPU.ActiveCfg = Release|x86
		{706A5E26-BCA1-406B-ABC3-38BEFE2E6181}.Release|Mixed Platforms.ActiveCfg = Release|x86
		{706A5E26-BCA1-406B-ABC3-38BEFE2E6181}.Release|Mixed Platforms.Build.0 = Release|x86
		{706A5E26-BCA1-406B-ABC3-38BEFE2E6181}.Release|x86.ActiveCfg = Release|x86
		{706A5E26-BCA1-406B-ABC3-38BEFE2E6181}.Release|x86.Build.0 = Release|x86
	EndGlobalSection
	GlobalSection(SolutionProperties) = preSolution
		HideSolutionNode = FALSE
	EndGlobalSection
EndGlobal
